// !$*UTF8*$!
{
	archiveVersion = 1;
	classes = {
	};
	objectVersion = 50;
	objects = {

/* Begin PBXBuildFile section */
		9B819A44252CF07D0052E0EC /* AppDelegate.swift in Sources */ = {isa = PBXBuildFile; fileRef = 9B819A43252CF07D0052E0EC /* AppDelegate.swift */; };
		9B819A46252CF07D0052E0EC /* SceneDelegate.swift in Sources */ = {isa = PBXBuildFile; fileRef = 9B819A45252CF07D0052E0EC /* SceneDelegate.swift */; };
		9B819A48252CF07D0052E0EC /* ViewController.swift in Sources */ = {isa = PBXBuildFile; fileRef = 9B819A47252CF07D0052E0EC /* ViewController.swift */; };
		9B819A4B252CF07D0052E0EC /* Main.storyboard in Resources */ = {isa = PBXBuildFile; fileRef = 9B819A49252CF07D0052E0EC /* Main.storyboard */; };
		9B819A4D252CF07E0052E0EC /* Assets.xcassets in Resources */ = {isa = PBXBuildFile; fileRef = 9B819A4C252CF07E0052E0EC /* Assets.xcassets */; };
		9B819A50252CF07E0052E0EC /* LaunchScreen.storyboard in Resources */ = {isa = PBXBuildFile; fileRef = 9B819A4E252CF07E0052E0EC /* LaunchScreen.storyboard */; };
		9B819A5B252CF07E0052E0EC /* CoordinatorExampleTests.swift in Sources */ = {isa = PBXBuildFile; fileRef = 9B819A5A252CF07E0052E0EC /* CoordinatorExampleTests.swift */; };
/* End PBXBuildFile section */

/* Begin PBXContainerItemProxy section */
		9B819A57252CF07E0052E0EC /* PBXContainerItemProxy */ = {
			isa = PBXContainerItemProxy;
			containerPortal = 9B819A38252CF07C0052E0EC /* Project object */;
			proxyType = 1;
			remoteGlobalIDString = 9B819A3F252CF07D0052E0EC;
			remoteInfo = CoordinatorExample;
		};
/* End PBXContainerItemProxy section */

/* Begin PBXFileReference section */
		9B819A40252CF07D0052E0EC /* CoordinatorExample.app */ = {isa = PBXFileReference; explicitFileType = wrapper.application; includeInIndex = 0; path = CoordinatorExample.app; sourceTree = BUILT_PRODUCTS_DIR; };
		9B819A43252CF07D0052E0EC /* AppDelegate.swift */ = {isa = PBXFileReference; lastKnownFileType = sourcecode.swift; path = AppDelegate.swift; sourceTree = "<group>"; };
		9B819A45252CF07D0052E0EC /* SceneDelegate.swift */ = {isa = PBXFileReference; lastKnownFileType = sourcecode.swift; path = SceneDelegate.swift; sourceTree = "<group>"; };
		9B819A47252CF07D0052E0EC /* ViewController.swift */ = {isa = PBXFileReference; lastKnownFileType = sourcecode.swift; path = ViewController.swift; sourceTree = "<group>"; };
		9B819A4A252CF07D0052E0EC /* Base */ = {isa = PBXFileReference; lastKnownFileType = file.storyboard; name = Base; path = Base.lproj/Main.storyboard; sourceTree = "<group>"; };
		9B819A4C252CF07E0052E0EC /* Assets.xcassets */ = {isa = PBXFileReference; lastKnownFileType = folder.assetcatalog; path = Assets.xcassets; sourceTree = "<group>"; };
		9B819A4F252CF07E0052E0EC /* Base */ = {isa = PBXFileReference; lastKnownFileType = file.storyboard; name = Base; path = Base.lproj/LaunchScreen.storyboard; sourceTree = "<group>"; };
		9B819A51252CF07E0052E0EC /* Info.plist */ = {isa = PBXFileReference; lastKnownFileType = text.plist.xml; path = Info.plist; sourceTree = "<group>"; };
		9B819A56252CF07E0052E0EC /* CoordinatorExampleTests.xctest */ = {isa = PBXFileReference; explicitFileType = wrapper.cfbundle; includeInIndex = 0; path = CoordinatorExampleTests.xctest; sourceTree = BUILT_PRODUCTS_DIR; };
		9B819A5A252CF07E0052E0EC /* CoordinatorExampleTests.swift */ = {isa = PBXFileReference; lastKnownFileType = sourcecode.swift; path = CoordinatorExampleTests.swift; sourceTree = "<group>"; };
		9B819A5C252CF07E0052E0EC /* Info.plist */ = {isa = PBXFileReference; lastKnownFileType = text.plist.xml; path = Info.plist; sourceTree = "<group>"; };
/* End PBXFileReference section */

/* Begin PBXFrameworksBuildPhase section */
		9B819A3D252CF07D0052E0EC /* Frameworks */ = {
			isa = PBXFrameworksBuildPhase;
			buildActionMask = 2147483647;
			files = (
			);
			runOnlyForDeploymentPostprocessing = 0;
		};
		9B819A53252CF07E0052E0EC /* Frameworks */ = {
			isa = PBXFrameworksBuildPhase;
			buildActionMask = 2147483647;
			files = (
			);
			runOnlyForDeploymentPostprocessing = 0;
		};
/* End PBXFrameworksBuildPhase section */

/* Begin PBXGroup section */
		9B819A37252CF07C0052E0EC = {
			isa = PBXGroup;
			children = (
				9B819A42252CF07D0052E0EC /* CoordinatorExample */,
				9B819A59252CF07E0052E0EC /* CoordinatorExampleTests */,
				9B819A41252CF07D0052E0EC /* Products */,
			);
			sourceTree = "<group>";
		};
		9B819A41252CF07D0052E0EC /* Products */ = {
			isa = PBXGroup;
			children = (
				9B819A40252CF07D0052E0EC /* CoordinatorExample.app */,
				9B819A56252CF07E0052E0EC /* CoordinatorExampleTests.xctest */,
			);
			name = Products;
			sourceTree = "<group>";
		};
		9B819A42252CF07D0052E0EC /* CoordinatorExample */ = {
			isa = PBXGroup;
			children = (
				9B819A43252CF07D0052E0EC /* AppDelegate.swift */,
				9B819A45252CF07D0052E0EC /* SceneDelegate.swift */,
				9B819A47252CF07D0052E0EC /* ViewController.swift */,
				9B819A49252CF07D0052E0EC /* Main.storyboard */,
				9B819A4C252CF07E0052E0EC /* Assets.xcassets */,
				9B819A4E252CF07E0052E0EC /* LaunchScreen.storyboard */,
				9B819A51252CF07E0052E0EC /* Info.plist */,
			);
			path = CoordinatorExample;
			sourceTree = "<group>";
		};
		9B819A59252CF07E0052E0EC /* CoordinatorExampleTests */ = {
			isa = PBXGroup;
			children = (
				9B819A5A252CF07E0052E0EC /* CoordinatorExampleTests.swift */,
				9B819A5C252CF07E0052E0EC /* Info.plist */,
			);
			path = CoordinatorExampleTests;
			sourceTree = "<group>";
		};
/* End PBXGroup section */

/* Begin PBXNativeTarget section */
		9B819A3F252CF07D0052E0EC /* CoordinatorExample */ = {
			isa = PBXNativeTarget;
			buildConfigurationList = 9B819A5F252CF07E0052E0EC /* Build configuration list for PBXNativeTarget "CoordinatorExample" */;
			buildPhases = (
				9B819A3C252CF07D0052E0EC /* Sources */,
				9B819A3D252CF07D0052E0EC /* Frameworks */,
				9B819A3E252CF07D0052E0EC /* Resources */,
			);
			buildRules = (
			);
			dependencies = (
			);
			name = CoordinatorExample;
			productName = CoordinatorExample;
			productReference = 9B819A40252CF07D0052E0EC /* CoordinatorExample.app */;
			productType = "com.apple.product-type.application";
		};
		9B819A55252CF07E0052E0EC /* CoordinatorExampleTests */ = {
			isa = PBXNativeTarget;
			buildConfigurationList = 9B819A62252CF07E0052E0EC /* Build configuration list for PBXNativeTarget "CoordinatorExampleTests" */;
			buildPhases = (
				9B819A52252CF07E0052E0EC /* Sources */,
				9B819A53252CF07E0052E0EC /* Frameworks */,
				9B819A54252CF07E0052E0EC /* Resources */,
			);
			buildRules = (
			);
			dependencies = (
				9B819A58252CF07E0052E0EC /* PBXTargetDependency */,
			);
			name = CoordinatorExampleTests;
			productName = CoordinatorExampleTests;
			productReference = 9B819A56252CF07E0052E0EC /* CoordinatorExampleTests.xctest */;
			productType = "com.apple.product-type.bundle.unit-test";
		};
/* End PBXNativeTarget section */

/* Begin PBXProject section */
		9B819A38252CF07C0052E0EC /* Project object */ = {
			isa = PBXProject;
			attributes = {
				LastSwiftUpdateCheck = 1130;
				LastUpgradeCheck = 1130;
				ORGANIZATIONNAME = "Gustavo Vergara";
				TargetAttributes = {
					9B819A3F252CF07D0052E0EC = {
						CreatedOnToolsVersion = 11.3.1;
					};
					9B819A55252CF07E0052E0EC = {
						CreatedOnToolsVersion = 11.3.1;
						TestTargetID = 9B819A3F252CF07D0052E0EC;
					};
				};
			};
			buildConfigurationList = 9B819A3B252CF07C0052E0EC /* Build configuration list for PBXProject "CoordinatorExample" */;
			compatibilityVersion = "Xcode 9.3";
			developmentRegion = en;
			hasScannedForEncodings = 0;
			knownRegions = (
				en,
				Base,
			);
			mainGroup = 9B819A37252CF07C0052E0EC;
			productRefGroup = 9B819A41252CF07D0052E0EC /* Products */;
			projectDirPath = "";
			projectRoot = "";
			targets = (
				9B819A3F252CF07D0052E0EC /* CoordinatorExample */,
				9B819A55252CF07E0052E0EC /* CoordinatorExampleTests */,
			);
		};
/* End PBXProject section */

/* Begin PBXResourcesBuildPhase section */
		9B819A3E252CF07D0052E0EC /* Resources */ = {
			isa = PBXResourcesBuildPhase;
			buildActionMask = 2147483647;
			files = (
				9B819A50252CF07E0052E0EC /* LaunchScreen.storyboard in Resources */,
				9B819A4D252CF07E0052E0EC /* Assets.xcassets in Resources */,
				9B819A4B252CF07D0052E0EC /* Main.storyboard in Resources */,
			);
			runOnlyForDeploymentPostprocessing = 0;
		};
		9B819A54252CF07E0052E0EC /* Resources */ = {
			isa = PBXResourcesBuildPhase;
			buildActionMask = 2147483647;
			files = (
			);
			runOnlyForDeploymentPostprocessing = 0;
		};
/* End PBXResourcesBuildPhase section */

/* Begin PBXSourcesBuildPhase section */
		9B819A3C252CF07D0052E0EC /* Sources */ = {
			isa = PBXSourcesBuildPhase;
			buildActionMask = 2147483647;
			files = (
				9B819A48252CF07D0052E0EC /* ViewController.swift in Sources */,
				9B819A44252CF07D0052E0EC /* AppDelegate.swift in Sources */,
				9B819A46252CF07D0052E0EC /* SceneDelegate.swift in Sources */,
			);
			runOnlyForDeploymentPostprocessing = 0;
		};
		9B819A52252CF07E0052E0EC /* Sources */ = {
			isa = PBXSourcesBuildPhase;
			buildActionMask = 2147483647;
			files = (
				9B819A5B252CF07E0052E0EC /* CoordinatorExampleTests.swift in Sources */,
			);
			runOnlyForDeploymentPostprocessing = 0;
		};
/* End PBXSourcesBuildPhase section */

/* Begin PBXTargetDependency section */
		9B819A58252CF07E0052E0EC /* PBXTargetDependency */ = {
			isa = PBXTargetDependency;
			target = 9B819A3F252CF07D0052E0EC /* CoordinatorExample */;
			targetProxy = 9B819A57252CF07E0052E0EC /* PBXContainerItemProxy */;
		};
/* End PBXTargetDependency section */

/* Begin PBXVariantGroup section */
		9B819A49252CF07D0052E0EC /* Main.storyboard */ = {
			isa = PBXVariantGroup;
			children = (
				9B819A4A252CF07D0052E0EC /* Base */,
			);
			name = Main.storyboard;
			sourceTree = "<group>";
		};
		9B819A4E252CF07E0052E0EC /* LaunchScreen.storyboard */ = {
			isa = PBXVariantGroup;
			children = (
				9B819A4F252CF07E0052E0EC /* Base */,
			);
			name = LaunchScreen.storyboard;
			sourceTree = "<group>";
		};
/* End PBXVariantGroup section */

/* Begin XCBuildConfiguration section */
		9B819A5D252CF07E0052E0EC /* Debug */ = {
			isa = XCBuildConfiguration;
			buildSettings = {
				ALWAYS_SEARCH_USER_PATHS = NO;
				CLANG_ANALYZER_NONNULL = YES;
				CLANG_ANALYZER_NUMBER_OBJECT_CONVERSION = YES_AGGRESSIVE;
				CLANG_CXX_LANGUAGE_STANDARD = "gnu++14";
				CLANG_CXX_LIBRARY = "libc++";
				CLANG_ENABLE_MODULES = YES;
				CLANG_ENABLE_OBJC_ARC = YES;
				CLANG_ENABLE_OBJC_WEAK = YES;
				CLANG_WARN_BLOCK_CAPTURE_AUTORELEASING = YES;
				CLANG_WARN_BOOL_CONVERSION = YES;
				CLANG_WARN_COMMA = YES;
				CLANG_WARN_CONSTANT_CONVERSION = YES;
				CLANG_WARN_DEPRECATED_OBJC_IMPLEMENTATIONS = YES;
				CLANG_WARN_DIRECT_OBJC_ISA_USAGE = YES_ERROR;
				CLANG_WARN_DOCUMENTATION_COMMENTS = YES;
				CLANG_WARN_EMPTY_BODY = YES;
				CLANG_WARN_ENUM_CONVERSION = YES;
				CLANG_WARN_INFINITE_RECURSION = YES;
				CLANG_WARN_INT_CONVERSION = YES;
				CLANG_WARN_NON_LITERAL_NULL_CONVERSION = YES;
				CLANG_WARN_OBJC_IMPLICIT_RETAIN_SELF = YES;
				CLANG_WARN_OBJC_LITERAL_CONVERSION = YES;
				CLANG_WARN_OBJC_ROOT_CLASS = YES_ERROR;
				CLANG_WARN_RANGE_LOOP_ANALYSIS = YES;
				CLANG_WARN_STRICT_PROTOTYPES = YES;
				CLANG_WARN_SUSPICIOUS_MOVE = YES;
				CLANG_WARN_UNGUARDED_AVAILABILITY = YES_AGGRESSIVE;
				CLANG_WARN_UNREACHABLE_CODE = YES;
				CLANG_WARN__DUPLICATE_METHOD_MATCH = YES;
				COPY_PHASE_STRIP = NO;
				DEBUG_INFORMATION_FORMAT = dwarf;
				ENABLE_STRICT_OBJC_MSGSEND = YES;
				ENABLE_TESTABILITY = YES;
				GCC_C_LANGUAGE_STANDARD = gnu11;
				GCC_DYNAMIC_NO_PIC = NO;
				GCC_NO_COMMON_BLOCKS = YES;
				GCC_OPTIMIZATION_LEVEL = 0;
				GCC_PREPROCESSOR_DEFINITIONS = (
					"DEBUG=1",
					"$(inherited)",
				);
				GCC_WARN_64_TO_32_BIT_CONVERSION = YES;
				GCC_WARN_ABOUT_RETURN_TYPE = YES_ERROR;
				GCC_WARN_UNDECLARED_SELECTOR = YES;
				GCC_WARN_UNINITIALIZED_AUTOS = YES_AGGRESSIVE;
				GCC_WARN_UNUSED_FUNCTION = YES;
				GCC_WARN_UNUSED_VARIABLE = YES;
				IPHONEOS_DEPLOYMENT_TARGET = 13.2;
				MTL_ENABLE_DEBUG_INFO = INCLUDE_SOURCE;
				MTL_FAST_MATH = YES;
				ONLY_ACTIVE_ARCH = YES;
				SDKROOT = iphoneos;
				SWIFT_ACTIVE_COMPILATION_CONDITIONS = DEBUG;
				SWIFT_OPTIMIZATION_LEVEL = "-Onone";
			};
			name = Debug;
		};
		9B819A5E252CF07E0052E0EC /* Release */ = {
			isa = XCBuildConfiguration;
			buildSettings = {
				ALWAYS_SEARCH_USER_PATHS = NO;
				CLANG_ANALYZER_NONNULL = YES;
				CLANG_ANALYZER_NUMBER_OBJECT_CONVERSION = YES_AGGRESSIVE;
				CLANG_CXX_LANGUAGE_STANDARD = "gnu++14";
				CLANG_CXX_LIBRARY = "libc++";
				CLANG_ENABLE_MODULES = YES;
				CLANG_ENABLE_OBJC_ARC = YES;
				CLANG_ENABLE_OBJC_WEAK = YES;
				CLANG_WARN_BLOCK_CAPTURE_AUTORELEASING = YES;
				CLANG_WARN_BOOL_CONVERSION = YES;
				CLANG_WARN_COMMA = YES;
				CLANG_WARN_CONSTANT_CONVERSION = YES;
				CLANG_WARN_DEPRECATED_OBJC_IMPLEMENTATIONS = YES;
				CLANG_WARN_DIRECT_OBJC_ISA_USAGE = YES_ERROR;
				CLANG_WARN_DOCUMENTATION_COMMENTS = YES;
				CLANG_WARN_EMPTY_BODY = YES;
				CLANG_WARN_ENUM_CONVERSION = YES;
				CLANG_WARN_INFINITE_RECURSION = YES;
				CLANG_WARN_INT_CONVERSION = YES;
				CLANG_WARN_NON_LITERAL_NULL_CONVERSION = YES;
				CLANG_WARN_OBJC_IMPLICIT_RETAIN_SELF = YES;
				CLANG_WARN_OBJC_LITERAL_CONVERSION = YES;
				CLANG_WARN_OBJC_ROOT_CLASS = YES_ERROR;
				CLANG_WARN_RANGE_LOOP_ANALYSIS = YES;
				CLANG_WARN_STRICT_PROTOTYPES = YES;
				CLANG_WARN_SUSPICIOUS_MOVE = YES;
				CLANG_WARN_UNGUARDED_AVAILABILITY = YES_AGGRESSIVE;
				CLANG_WARN_UNREACHABLE_CODE = YES;
				CLANG_WARN__DUPLICATE_METHOD_MATCH = YES;
				COPY_PHASE_STRIP = NO;
				DEBUG_INFORMATION_FORMAT = "dwarf-with-dsym";
				ENABLE_NS_ASSERTIONS = NO;
				ENABLE_STRICT_OBJC_MSGSEND = YES;
				GCC_C_LANGUAGE_STANDARD = gnu11;
				GCC_NO_COMMON_BLOCKS = YES;
				GCC_WARN_64_TO_32_BIT_CONVERSION = YES;
				GCC_WARN_ABOUT_RETURN_TYPE = YES_ERROR;
				GCC_WARN_UNDECLARED_SELECTOR = YES;
				GCC_WARN_UNINITIALIZED_AUTOS = YES_AGGRESSIVE;
				GCC_WARN_UNUSED_FUNCTION = YES;
				GCC_WARN_UNUSED_VARIABLE = YES;
				IPHONEOS_DEPLOYMENT_TARGET = 13.2;
				MTL_ENABLE_DEBUG_INFO = NO;
				MTL_FAST_MATH = YES;
				SDKROOT = iphoneos;
				SWIFT_COMPILATION_MODE = wholemodule;
				SWIFT_OPTIMIZATION_LEVEL = "-O";
				VALIDATE_PRODUCT = YES;
			};
			name = Release;
		};
		9B819A60252CF07E0052E0EC /* Debug */ = {
			isa = XCBuildConfiguration;
			buildSettings = {
				ASSETCATALOG_COMPILER_APPICON_NAME = AppIcon;
				CODE_SIGN_STYLE = Automatic;
				DEVELOPMENT_TEAM = PNRHBB5S44;
				INFOPLIST_FILE = CoordinatorExample/Info.plist;
				LD_RUNPATH_SEARCH_PATHS = (
					"$(inherited)",
					"@executable_path/Frameworks",
				);
				PRODUCT_BUNDLE_IDENTIFIER = io.github.GustavoVergara.CoordinatorExample;
				PRODUCT_NAME = "$(TARGET_NAME)";
				SWIFT_VERSION = 5.0;
				TARGETED_DEVICE_FAMILY = "1,2";
			};
			name = Debug;
		};
		9B819A61252CF07E0052E0EC /* Release */ = {
			isa = XCBuildConfiguration;
			buildSettings = {
				ASSETCATALOG_COMPILER_APPICON_NAME = AppIcon;
				CODE_SIGN_STYLE = Automatic;
				DEVELOPMENT_TEAM = PNRHBB5S44;
				INFOPLIST_FILE = CoordinatorExample/Info.plist;
				LD_RUNPATH_SEARCH_PATHS = (
					"$(inherited)",
					"@executable_path/Frameworks",
				);
				PRODUCT_BUNDLE_IDENTIFIER = io.github.GustavoVergara.CoordinatorExample;
				PRODUCT_NAME = "$(TARGET_NAME)";
				SWIFT_VERSION = 5.0;
				TARGETED_DEVICE_FAMILY = "1,2";
			};
			name = Release;
		};
		9B819A63252CF07E0052E0EC /* Debug */ = {
			isa = XCBuildConfiguration;
			buildSettings = {
				ALWAYS_EMBED_SWIFT_STANDARD_LIBRARIES = YES;
				BUNDLE_LOADER = "$(TEST_HOST)";
				CODE_SIGN_STYLE = Automatic;
				DEVELOPMENT_TEAM = PNRHBB5S44;
				INFOPLIST_FILE = CoordinatorExampleTests/Info.plist;
				IPHONEOS_DEPLOYMENT_TARGET = 13.2;
				LD_RUNPATH_SEARCH_PATHS = (
					"$(inherited)",
					"@executable_path/Frameworks",
					"@loader_path/Frameworks",
				);
				PRODUCT_BUNDLE_IDENTIFIER = io.github.GustavoVergara.CoordinatorExampleTests;
				PRODUCT_NAME = "$(TARGET_NAME)";
				SWIFT_VERSION = 5.0;
				TARGETED_DEVICE_FAMILY = "1,2";
				TEST_HOST = "$(BUILT_PRODUCTS_DIR)/CoordinatorExample.app/CoordinatorExample";
			};
			name = Debug;
		};
		9B819A64252CF07E0052E0EC /* Release */ = {
			isa = XCBuildConfiguration;
			buildSettings = {
				ALWAYS_EMBED_SWIFT_STANDARD_LIBRARIES = YES;
				BUNDLE_LOADER = "$(TEST_HOST)";
				CODE_SIGN_STYLE = Automatic;
				DEVELOPMENT_TEAM = PNRHBB5S44;
				INFOPLIST_FILE = CoordinatorExampleTests/Info.plist;
				IPHONEOS_DEPLOYMENT_TARGET = 13.2;
				LD_RUNPATH_SEARCH_PATHS = (
					"$(inherited)",
					"@executable_path/Frameworks",
					"@loader_path/Frameworks",
				);
				PRODUCT_BUNDLE_IDENTIFIER = io.github.GustavoVergara.CoordinatorExampleTests;
				PRODUCT_NAME = "$(TARGET_NAME)";
				SWIFT_VERSION = 5.0;
				TARGETED_DEVICE_FAMILY = "1,2";
				TEST_HOST = "$(BUILT_PRODUCTS_DIR)/CoordinatorExample.app/CoordinatorExample";
			};
			name = Release;
		};
/* End XCBuildConfiguration section */

/* Begin XCConfigurationList section */
		9B819A3B252CF07C0052E0EC /* Build configuration list for PBXProject "CoordinatorExample" */ = {
			isa = XCConfigurationList;
			buildConfigurations = (
				9B819A5D252CF07E0052E0EC /* Debug */,
				9B819A5E252CF07E0052E0EC /* Release */,
			);
			defaultConfigurationIsVisible = 0;
			defaultConfigurationName = Release;
		};
		9B819A5F252CF07E0052E0EC /* Build configuration list for PBXNativeTarget "CoordinatorExample" */ = {
			isa = XCConfigurationList;
			buildConfigurations = (
				9B819A60252CF07E0052E0EC /* Debug */,
				9B819A61252CF07E0052E0EC /* Release */,
			);
			defaultConfigurationIsVisible = 0;
			defaultConfigurationName = Release;
		};
		9B819A62252CF07E0052E0EC /* Build configuration list for PBXNativeTarget "CoordinatorExampleTests" */ = {
			isa = XCConfigurationList;
			buildConfigurations = (
				9B819A63252CF07E0052E0EC /* Debug */,
				9B819A64252CF07E0052E0EC /* Release */,
			);
			defaultConfigurationIsVisible = 0;
			defaultConfigurationName = Release;
		};
/* End XCConfigurationList section */
	};
	rootObject = 9B819A38252CF07C0052E0EC /* Project object */;
}
